
Microsoft Visual Studio Solution File, Format Version 10.00
# Visual Studio 2008
Project("{8BC9CEB8-8B4A-11D0-8D11-00A0C91BC942}") = "mye_lib", "mye_lib.vcproj", "{18466872-44C3-4097-9060-3060C4CD8120}"
EndProject
Global
	GlobalSection(SolutionConfigurationPlatforms) = preSolution
		Debug|Win32 = Debug|Win32
		Release|Win32 = Release|Win32
	EndGlobalSection
	GlobalSection(ProjectConfigurationPlatforms) = postSolution
		{18466872-44C3-4097-9060-3060C4CD8120}.Debug|Win32.ActiveCfg = Debug|Win32
		{18466872-44C3-4097-9060-3060C4CD8120}.Debug|Win32.Build.0 = Debug|Win32
		{18466872-44C3-4097-9060-3060C4CD8120}.Release|Win32.ActiveCfg = Release|Win32
		{18466872-44C3-4097-9060-3060C4CD8120}.Release|Win32.Build.0 = Release|Win32
	EndGlobalSection
	GlobalSection(SolutionProperties) = preSolution
		HideSolutionNode = FALSE
	EndGlobalSection
EndGlobal
